
Microsoft Visual Studio Solution File, Format Version 12.00
Project("{FAE04EC0-301F-11D3-BF4B-00C04F79EFBC}") = "ContractViewerApi", "ContractViewerApi\ContractViewerApi.csproj", "{EA6435D1-A768-47DB-9056-553C6F0AE4B4}"
EndProject
Project("{FAE04EC0-301F-11D3-BF4B-00C04F79EFBC}") = "Common", "Common\Common.csproj", "{440CED5C-B441-4706-8CF4-80546E9A59EF}"
EndProject
Global
	GlobalSection(SolutionConfigurationPlatforms) = preSolution
		Debug|Any CPU = Debug|Any CPU
		Release|Any CPU = Release|Any CPU
	EndGlobalSection
	GlobalSection(ProjectConfigurationPlatforms) = postSolution
		{EA6435D1-A768-47DB-9056-553C6F0AE4B4}.Debug|Any CPU.ActiveCfg = Debug|Any CPU
		{EA6435D1-A768-47DB-9056-553C6F0AE4B4}.Debug|Any CPU.Build.0 = Debug|Any CPU
		{EA6435D1-A768-47DB-9056-553C6F0AE4B4}.Release|Any CPU.ActiveCfg = Release|Any CPU
		{EA6435D1-A768-47DB-9056-553C6F0AE4B4}.Release|Any CPU.Build.0 = Release|Any CPU
		{440CED5C-B441-4706-8CF4-80546E9A59EF}.Debug|Any CPU.ActiveCfg = Debug|Any CPU
		{440CED5C-B441-4706-8CF4-80546E9A59EF}.Debug|Any CPU.Build.0 = Debug|Any CPU
		{440CED5C-B441-4706-8CF4-80546E9A59EF}.Release|Any CPU.ActiveCfg = Release|Any CPU
		{440CED5C-B441-4706-8CF4-80546E9A59EF}.Release|Any CPU.Build.0 = Release|Any CPU
	EndGlobalSection
EndGlobal
